
Microsoft Visual Studio Solution File, Format Version 12.00
# Visual Studio Version 17
VisualStudioVersion = 17.0.31903.59
MinimumVisualStudioVersion = 10.0.40219.1
Project("{2150E333-8FDC-42A3-9474-1A3956D46DE8}") = "backend", "backend", "{674DD4BB-53BD-4953-82FF-1DF70E54FDEC}"
EndProject
Project("{FAE04EC0-301F-11D3-BF4B-00C04F79EFBC}") = "RestaurantQrOrdering.Api", "backend\RestaurantQrOrdering.Api\RestaurantQrOrdering.Api.csproj", "{6505A7ED-073A-4ACB-99CD-E23323385D90}"
EndProject
Project("{FAE04EC0-301F-11D3-BF4B-00C04F79EFBC}") = "RestaurantQrOrdering.Api.Tests", "backend\RestaurantQrOrdering.Api.Tests\RestaurantQrOrdering.Api.Tests.csproj", "{7E98C84A-9B5B-46C8-8B31-5190C2F7C182}"
EndProject
Global
	GlobalSection(SolutionConfigurationPlatforms) = preSolution
		Debug|Any CPU = Debug|Any CPU
		Release|Any CPU = Release|Any CPU
	EndGlobalSection
	GlobalSection(SolutionProperties) = preSolution
		HideSolutionNode = FALSE
	EndGlobalSection
	GlobalSection(ProjectConfigurationPlatforms) = postSolution
		{6505A7ED-073A-4ACB-99CD-E23323385D90}.Debug|Any CPU.ActiveCfg = Debug|Any CPU
		{6505A7ED-073A-4ACB-99CD-E23323385D90}.Debug|Any CPU.Build.0 = Debug|Any CPU
		{6505A7ED-073A-4ACB-99CD-E23323385D90}.Release|Any CPU.ActiveCfg = Release|Any CPU
		{6505A7ED-073A-4ACB-99CD-E23323385D90}.Release|Any CPU.Build.0 = Release|Any CPU
		{7E98C84A-9B5B-46C8-8B31-5190C2F7C182}.Debug|Any CPU.ActiveCfg = Debug|Any CPU
		{7E98C84A-9B5B-46C8-8B31-5190C2F7C182}.Debug|Any CPU.Build.0 = Debug|Any CPU
		{7E98C84A-9B5B-46C8-8B31-5190C2F7C182}.Release|Any CPU.ActiveCfg = Release|Any CPU
		{7E98C84A-9B5B-46C8-8B31-5190C2F7C182}.Release|Any CPU.Build.0 = Release|Any CPU
	EndGlobalSection
	GlobalSection(NestedProjects) = preSolution
		{6505A7ED-073A-4ACB-99CD-E23323385D90} = {674DD4BB-53BD-4953-82FF-1DF70E54FDEC}
		{7E98C84A-9B5B-46C8-8B31-5190C2F7C182} = {674DD4BB-53BD-4953-82FF-1DF70E54FDEC}
	EndGlobalSection
EndGlobal
